// !$*UTF8*$!
{
	archiveVersion = 1;
	classes = {
	};
	objectVersion = 50;
	objects = {

/* Begin PBXBuildFile section */
		81057275238296CB00F49786 /* AppDelegate.swift in Sources */ = {isa = PBXBuildFile; fileRef = 81057274238296CB00F49786 /* AppDelegate.swift */; };
		81057277238296CB00F49786 /* SceneDelegate.swift in Sources */ = {isa = PBXBuildFile; fileRef = 81057276238296CB00F49786 /* SceneDelegate.swift */; };
		81057279238296CB00F49786 /* ViewportViewController.swift in Sources */ = {isa = PBXBuildFile; fileRef = 81057278238296CB00F49786 /* ViewportViewController.swift */; };
		8105727C238296CB00F49786 /* Main.storyboard in Resources */ = {isa = PBXBuildFile; fileRef = 8105727A238296CB00F49786 /* Main.storyboard */; };
		8105727E238296CC00F49786 /* Assets.xcassets in Resources */ = {isa = PBXBuildFile; fileRef = 8105727D238296CC00F49786 /* Assets.xcassets */; };
		81057281238296CC00F49786 /* LaunchScreen.storyboard in Resources */ = {isa = PBXBuildFile; fileRef = 8105727F238296CC00F49786 /* LaunchScreen.storyboard */; };
		81057290238297A600F49786 /* Size.swift in Sources */ = {isa = PBXBuildFile; fileRef = 8105728F238297A600F49786 /* Size.swift */; };
		81057298238297FF00F49786 /* SizeTests.swift in Sources */ = {isa = PBXBuildFile; fileRef = 81057297238297FF00F49786 /* SizeTests.swift */; };
		810572A0238298F400F49786 /* Rectangle.swift in Sources */ = {isa = PBXBuildFile; fileRef = 8105729F238298F400F49786 /* Rectangle.swift */; };
		810572A22382990700F49786 /* Position.swift in Sources */ = {isa = PBXBuildFile; fileRef = 810572A12382990700F49786 /* Position.swift */; };
		810572A62382C2E500F49786 /* RectangleOverlapTests.swift in Sources */ = {isa = PBXBuildFile; fileRef = 810572A52382C2E500F49786 /* RectangleOverlapTests.swift */; };
		810572A92382C30C00F49786 /* RectangleBuilder.swift in Sources */ = {isa = PBXBuildFile; fileRef = 810572A82382C30C00F49786 /* RectangleBuilder.swift */; };
		810572AB2382C38C00F49786 /* RectangleAreaTests.swift in Sources */ = {isa = PBXBuildFile; fileRef = 810572AA2382C38C00F49786 /* RectangleAreaTests.swift */; };
		817D3C5823832A96004BFAA5 /* DraggableView.swift in Sources */ = {isa = PBXBuildFile; fileRef = 817D3C5723832A96004BFAA5 /* DraggableView.swift */; };
		817D3C6223834A80004BFAA5 /* RectangleViewModel.swift in Sources */ = {isa = PBXBuildFile; fileRef = 817D3C6123834A80004BFAA5 /* RectangleViewModel.swift */; };
		817D3C6423834AA1004BFAA5 /* OverlapViewModel.swift in Sources */ = {isa = PBXBuildFile; fileRef = 817D3C6323834AA1004BFAA5 /* OverlapViewModel.swift */; };
		817D3C6623834B94004BFAA5 /* RectangleView.xib in Resources */ = {isa = PBXBuildFile; fileRef = 817D3C6523834B94004BFAA5 /* RectangleView.xib */; };
		817D3C682383606A004BFAA5 /* FormatterFactory.swift in Sources */ = {isa = PBXBuildFile; fileRef = 817D3C672383606A004BFAA5 /* FormatterFactory.swift */; };
		817D3C7223840A58004BFAA5 /* RectanglesRepository.swift in Sources */ = {isa = PBXBuildFile; fileRef = 817D3C7123840A58004BFAA5 /* RectanglesRepository.swift */; };
		817D3C7423841E34004BFAA5 /* ViewportDataSource.swift in Sources */ = {isa = PBXBuildFile; fileRef = 817D3C7323841E34004BFAA5 /* ViewportDataSource.swift */; };
		81FEEE1F2382EA040084E07A /* ViewportView.swift in Sources */ = {isa = PBXBuildFile; fileRef = 81FEEE1E2382EA040084E07A /* ViewportView.swift */; };
		81FEEE242382F9720084E07A /* RectangleView.swift in Sources */ = {isa = PBXBuildFile; fileRef = 81FEEE232382F9720084E07A /* RectangleView.swift */; };
		81FEEE3723831C820084E07A /* OverlapView.swift in Sources */ = {isa = PBXBuildFile; fileRef = 81FEEE3623831C820084E07A /* OverlapView.swift */; };
		81FEEE3A23831D470084E07A /* OverlapView.xib in Resources */ = {isa = PBXBuildFile; fileRef = 81FEEE3923831D470084E07A /* OverlapView.xib */; };
/* End PBXBuildFile section */

/* Begin PBXContainerItemProxy section */
		8105729A238297FF00F49786 /* PBXContainerItemProxy */ = {
			isa = PBXContainerItemProxy;
			containerPortal = 81057269238296CB00F49786 /* Project object */;
			proxyType = 1;
			remoteGlobalIDString = 81057270238296CB00F49786;
			remoteInfo = Rectangles;
		};
/* End PBXContainerItemProxy section */

/* Begin PBXFileReference section */
		81057271238296CB00F49786 /* Rectangles.app */ = {isa = PBXFileReference; explicitFileType = wrapper.application; includeInIndex = 0; path = Rectangles.app; sourceTree = BUILT_PRODUCTS_DIR; };
		81057274238296CB00F49786 /* AppDelegate.swift */ = {isa = PBXFileReference; lastKnownFileType = sourcecode.swift; path = AppDelegate.swift; sourceTree = "<group>"; };
		81057276238296CB00F49786 /* SceneDelegate.swift */ = {isa = PBXFileReference; lastKnownFileType = sourcecode.swift; path = SceneDelegate.swift; sourceTree = "<group>"; };
		81057278238296CB00F49786 /* ViewportViewController.swift */ = {isa = PBXFileReference; lastKnownFileType = sourcecode.swift; path = ViewportViewController.swift; sourceTree = "<group>"; };
		8105727B238296CB00F49786 /* Base */ = {isa = PBXFileReference; lastKnownFileType = file.storyboard; name = Base; path = Base.lproj/Main.storyboard; sourceTree = "<group>"; };
		8105727D238296CC00F49786 /* Assets.xcassets */ = {isa = PBXFileReference; lastKnownFileType = folder.assetcatalog; path = Assets.xcassets; sourceTree = "<group>"; };
		81057280238296CC00F49786 /* Base */ = {isa = PBXFileReference; lastKnownFileType = file.storyboard; name = Base; path = Base.lproj/LaunchScreen.storyboard; sourceTree = "<group>"; };
		81057282238296CC00F49786 /* Info.plist */ = {isa = PBXFileReference; lastKnownFileType = text.plist.xml; path = Info.plist; sourceTree = "<group>"; };
		8105728F238297A600F49786 /* Size.swift */ = {isa = PBXFileReference; lastKnownFileType = sourcecode.swift; path = Size.swift; sourceTree = "<group>"; };
		81057295238297FF00F49786 /* Rectangles Tests.xctest */ = {isa = PBXFileReference; explicitFileType = wrapper.cfbundle; includeInIndex = 0; path = "Rectangles Tests.xctest"; sourceTree = BUILT_PRODUCTS_DIR; };
		81057297238297FF00F49786 /* SizeTests.swift */ = {isa = PBXFileReference; lastKnownFileType = sourcecode.swift; path = SizeTests.swift; sourceTree = "<group>"; };
		81057299238297FF00F49786 /* Info.plist */ = {isa = PBXFileReference; lastKnownFileType = text.plist.xml; path = Info.plist; sourceTree = "<group>"; };
		8105729F238298F400F49786 /* Rectangle.swift */ = {isa = PBXFileReference; lastKnownFileType = sourcecode.swift; path = Rectangle.swift; sourceTree = "<group>"; };
		810572A12382990700F49786 /* Position.swift */ = {isa = PBXFileReference; lastKnownFileType = sourcecode.swift; path = Position.swift; sourceTree = "<group>"; };
		810572A52382C2E500F49786 /* RectangleOverlapTests.swift */ = {isa = PBXFileReference; lastKnownFileType = sourcecode.swift; path = RectangleOverlapTests.swift; sourceTree = "<group>"; };
		810572A82382C30C00F49786 /* RectangleBuilder.swift */ = {isa = PBXFileReference; lastKnownFileType = sourcecode.swift; path = RectangleBuilder.swift; sourceTree = "<group>"; };
		810572AA2382C38C00F49786 /* RectangleAreaTests.swift */ = {isa = PBXFileReference; fileEncoding = 4; lastKnownFileType = sourcecode.swift; path = RectangleAreaTests.swift; sourceTree = "<group>"; };
		817D3C5723832A96004BFAA5 /* DraggableView.swift */ = {isa = PBXFileReference; lastKnownFileType = sourcecode.swift; path = DraggableView.swift; sourceTree = "<group>"; };
		817D3C6123834A80004BFAA5 /* RectangleViewModel.swift */ = {isa = PBXFileReference; lastKnownFileType = sourcecode.swift; path = RectangleViewModel.swift; sourceTree = "<group>"; };
		817D3C6323834AA1004BFAA5 /* OverlapViewModel.swift */ = {isa = PBXFileReference; lastKnownFileType = sourcecode.swift; path = OverlapViewModel.swift; sourceTree = "<group>"; };
		817D3C6523834B94004BFAA5 /* RectangleView.xib */ = {isa = PBXFileReference; lastKnownFileType = file.xib; path = RectangleView.xib; sourceTree = "<group>"; };
		817D3C672383606A004BFAA5 /* FormatterFactory.swift */ = {isa = PBXFileReference; lastKnownFileType = sourcecode.swift; path = FormatterFactory.swift; sourceTree = "<group>"; };
		817D3C7123840A58004BFAA5 /* RectanglesRepository.swift */ = {isa = PBXFileReference; lastKnownFileType = sourcecode.swift; path = RectanglesRepository.swift; sourceTree = "<group>"; };
		817D3C7323841E34004BFAA5 /* ViewportDataSource.swift */ = {isa = PBXFileReference; lastKnownFileType = sourcecode.swift; path = ViewportDataSource.swift; sourceTree = "<group>"; };
		81FEEE1E2382EA040084E07A /* ViewportView.swift */ = {isa = PBXFileReference; lastKnownFileType = sourcecode.swift; path = ViewportView.swift; sourceTree = "<group>"; };
		81FEEE232382F9720084E07A /* RectangleView.swift */ = {isa = PBXFileReference; lastKnownFileType = sourcecode.swift; path = RectangleView.swift; sourceTree = "<group>"; };
		81FEEE3623831C820084E07A /* OverlapView.swift */ = {isa = PBXFileReference; lastKnownFileType = sourcecode.swift; path = OverlapView.swift; sourceTree = "<group>"; };
		81FEEE3923831D470084E07A /* OverlapView.xib */ = {isa = PBXFileReference; lastKnownFileType = file.xib; path = OverlapView.xib; sourceTree = "<group>"; };
/* End PBXFileReference section */

/* Begin PBXFrameworksBuildPhase section */
		8105726E238296CB00F49786 /* Frameworks */ = {
			isa = PBXFrameworksBuildPhase;
			buildActionMask = 2147483647;
			files = (
			);
			runOnlyForDeploymentPostprocessing = 0;
		};
		81057292238297FF00F49786 /* Frameworks */ = {
			isa = PBXFrameworksBuildPhase;
			buildActionMask = 2147483647;
			files = (
			);
			runOnlyForDeploymentPostprocessing = 0;
		};
/* End PBXFrameworksBuildPhase section */

/* Begin PBXGroup section */
		81057268238296CB00F49786 = {
			isa = PBXGroup;
			children = (
				81057273238296CB00F49786 /* Rectangles */,
				81057296238297FF00F49786 /* Rectangles Tests */,
				81057272238296CB00F49786 /* Products */,
			);
			sourceTree = "<group>";
		};
		81057272238296CB00F49786 /* Products */ = {
			isa = PBXGroup;
			children = (
				81057271238296CB00F49786 /* Rectangles.app */,
				81057295238297FF00F49786 /* Rectangles Tests.xctest */,
			);
			name = Products;
			sourceTree = "<group>";
		};
		81057273238296CB00F49786 /* Rectangles */ = {
			isa = PBXGroup;
			children = (
				81057288238296D500F49786 /* Classes */,
				81057289238296DB00F49786 /* Resources */,
				81057282238296CC00F49786 /* Info.plist */,
			);
			path = Rectangles;
			sourceTree = "<group>";
		};
		81057288238296D500F49786 /* Classes */ = {
			isa = PBXGroup;
			children = (
				8105728C2382972D00F49786 /* Application */,
				81FEEE1C2382E8D70084E07A /* Interface */,
			);
			path = Classes;
			sourceTree = "<group>";
		};
		81057289238296DB00F49786 /* Resources */ = {
			isa = PBXGroup;
			children = (
				81FEEE3823831D350084E07A /* Xib */,
				8105728A238296E200F49786 /* Storyboard */,
				8105727D238296CC00F49786 /* Assets.xcassets */,
			);
			path = Resources;
			sourceTree = "<group>";
		};
		8105728A238296E200F49786 /* Storyboard */ = {
			isa = PBXGroup;
			children = (
				8105727A238296CB00F49786 /* Main.storyboard */,
				8105727F238296CC00F49786 /* LaunchScreen.storyboard */,
			);
			path = Storyboard;
			sourceTree = "<group>";
		};
		8105728C2382972D00F49786 /* Application */ = {
			isa = PBXGroup;
			children = (
				8105728F238297A600F49786 /* Size.swift */,
				810572A12382990700F49786 /* Position.swift */,
				8105729F238298F400F49786 /* Rectangle.swift */,
			);
			path = Application;
			sourceTree = "<group>";
		};
		81057296238297FF00F49786 /* Rectangles Tests */ = {
			isa = PBXGroup;
			children = (
				810572AE2382CDFB00F49786 /* Classes */,
				81057299238297FF00F49786 /* Info.plist */,
			);
			path = "Rectangles Tests";
			sourceTree = "<group>";
		};
		810572A72382C2FE00F49786 /* Builder */ = {
			isa = PBXGroup;
			children = (
				810572A82382C30C00F49786 /* RectangleBuilder.swift */,
			);
			path = Builder;
			sourceTree = "<group>";
		};
		810572AE2382CDFB00F49786 /* Classes */ = {
			isa = PBXGroup;
			children = (
				810572A72382C2FE00F49786 /* Builder */,
				81057297238297FF00F49786 /* SizeTests.swift */,
				810572AA2382C38C00F49786 /* RectangleAreaTests.swift */,
				810572A52382C2E500F49786 /* RectangleOverlapTests.swift */,
			);
			path = Classes;
			sourceTree = "<group>";
		};
		817D3C6023834A2E004BFAA5 /* Model */ = {
			isa = PBXGroup;
			children = (
				817D3C672383606A004BFAA5 /* FormatterFactory.swift */,
				817D3C6123834A80004BFAA5 /* RectangleViewModel.swift */,
				817D3C6323834AA1004BFAA5 /* OverlapViewModel.swift */,
				817D3C7123840A58004BFAA5 /* RectanglesRepository.swift */,
			);
			path = Model;
			sourceTree = "<group>";
		};
		81FEEE1C2382E8D70084E07A /* Interface */ = {
			isa = PBXGroup;
			children = (
				81057274238296CB00F49786 /* AppDelegate.swift */,
				81057276238296CB00F49786 /* SceneDelegate.swift */,
				817D3C6023834A2E004BFAA5 /* Model */,
				81FEEE202382EA070084E07A /* View */,
				81FEEE1D2382E9F90084E07A /* Controller */,
			);
			path = Interface;
			sourceTree = "<group>";
		};
		81FEEE1D2382E9F90084E07A /* Controller */ = {
			isa = PBXGroup;
			children = (
				817D3C7323841E34004BFAA5 /* ViewportDataSource.swift */,
				81057278238296CB00F49786 /* ViewportViewController.swift */,
			);
			path = Controller;
			sourceTree = "<group>";
		};
		81FEEE202382EA070084E07A /* View */ = {
			isa = PBXGroup;
			children = (
				817D3C5723832A96004BFAA5 /* DraggableView.swift */,
				81FEEE232382F9720084E07A /* RectangleView.swift */,
				81FEEE3623831C820084E07A /* OverlapView.swift */,
				81FEEE1E2382EA040084E07A /* ViewportView.swift */,
			);
			path = View;
			sourceTree = "<group>";
		};
		81FEEE3823831D350084E07A /* Xib */ = {
			isa = PBXGroup;
			children = (
				817D3C6523834B94004BFAA5 /* RectangleView.xib */,
				81FEEE3923831D470084E07A /* OverlapView.xib */,
			);
			path = Xib;
			sourceTree = "<group>";
		};
/* End PBXGroup section */

/* Begin PBXNativeTarget section */
		81057270238296CB00F49786 /* Rectangles */ = {
			isa = PBXNativeTarget;
			buildConfigurationList = 81057285238296CC00F49786 /* Build configuration list for PBXNativeTarget "Rectangles" */;
			buildPhases = (
				8105726D238296CB00F49786 /* Sources */,
				8105726E238296CB00F49786 /* Frameworks */,
				8105726F238296CB00F49786 /* Resources */,
			);
			buildRules = (
			);
			dependencies = (
			);
			name = Rectangles;
			productName = Rectangles;
			productReference = 81057271238296CB00F49786 /* Rectangles.app */;
			productType = "com.apple.product-type.application";
		};
		81057294238297FF00F49786 /* Rectangles Tests */ = {
			isa = PBXNativeTarget;
			buildConfigurationList = 8105729C238297FF00F49786 /* Build configuration list for PBXNativeTarget "Rectangles Tests" */;
			buildPhases = (
				81057291238297FF00F49786 /* Sources */,
				81057292238297FF00F49786 /* Frameworks */,
				81057293238297FF00F49786 /* Resources */,
			);
			buildRules = (
			);
			dependencies = (
				8105729B238297FF00F49786 /* PBXTargetDependency */,
			);
			name = "Rectangles Tests";
			productName = "Rectangles Tests";
			productReference = 81057295238297FF00F49786 /* Rectangles Tests.xctest */;
			productType = "com.apple.product-type.bundle.unit-test";
		};
/* End PBXNativeTarget section */

/* Begin PBXProject section */
		81057269238296CB00F49786 /* Project object */ = {
			isa = PBXProject;
			attributes = {
				LastSwiftUpdateCheck = 1120;
				LastUpgradeCheck = 1120;
				ORGANIZATIONNAME = "luca strazzullo";
				TargetAttributes = {
					81057270238296CB00F49786 = {
						CreatedOnToolsVersion = 11.2.1;
					};
					81057294238297FF00F49786 = {
						CreatedOnToolsVersion = 11.2.1;
						TestTargetID = 81057270238296CB00F49786;
					};
				};
			};
			buildConfigurationList = 8105726C238296CB00F49786 /* Build configuration list for PBXProject "Rectangles" */;
			compatibilityVersion = "Xcode 9.3";
			developmentRegion = en;
			hasScannedForEncodings = 0;
			knownRegions = (
				en,
				Base,
			);
			mainGroup = 81057268238296CB00F49786;
			productRefGroup = 81057272238296CB00F49786 /* Products */;
			projectDirPath = "";
			projectRoot = "";
			targets = (
				81057270238296CB00F49786 /* Rectangles */,
				81057294238297FF00F49786 /* Rectangles Tests */,
			);
		};
/* End PBXProject section */

/* Begin PBXResourcesBuildPhase section */
		8105726F238296CB00F49786 /* Resources */ = {
			isa = PBXResourcesBuildPhase;
			buildActionMask = 2147483647;
			files = (
				817D3C6623834B94004BFAA5 /* RectangleView.xib in Resources */,
				81FEEE3A23831D470084E07A /* OverlapView.xib in Resources */,
				81057281238296CC00F49786 /* LaunchScreen.storyboard in Resources */,
				8105727E238296CC00F49786 /* Assets.xcassets in Resources */,
				8105727C238296CB00F49786 /* Main.storyboard in Resources */,
			);
			runOnlyForDeploymentPostprocessing = 0;
		};
		81057293238297FF00F49786 /* Resources */ = {
			isa = PBXResourcesBuildPhase;
			buildActionMask = 2147483647;
			files = (
			);
			runOnlyForDeploymentPostprocessing = 0;
		};
/* End PBXResourcesBuildPhase section */

/* Begin PBXSourcesBuildPhase section */
		8105726D238296CB00F49786 /* Sources */ = {
			isa = PBXSourcesBuildPhase;
			buildActionMask = 2147483647;
			files = (
				81FEEE3723831C820084E07A /* OverlapView.swift in Sources */,
				81FEEE1F2382EA040084E07A /* ViewportView.swift in Sources */,
				810572A22382990700F49786 /* Position.swift in Sources */,
				817D3C6223834A80004BFAA5 /* RectangleViewModel.swift in Sources */,
				81057279238296CB00F49786 /* ViewportViewController.swift in Sources */,
				81FEEE242382F9720084E07A /* RectangleView.swift in Sources */,
				817D3C5823832A96004BFAA5 /* DraggableView.swift in Sources */,
				817D3C682383606A004BFAA5 /* FormatterFactory.swift in Sources */,
				817D3C7423841E34004BFAA5 /* ViewportDataSource.swift in Sources */,
				817D3C6423834AA1004BFAA5 /* OverlapViewModel.swift in Sources */,
				81057290238297A600F49786 /* Size.swift in Sources */,
				810572A0238298F400F49786 /* Rectangle.swift in Sources */,
				817D3C7223840A58004BFAA5 /* RectanglesRepository.swift in Sources */,
				81057275238296CB00F49786 /* AppDelegate.swift in Sources */,
				81057277238296CB00F49786 /* SceneDelegate.swift in Sources */,
			);
			runOnlyForDeploymentPostprocessing = 0;
		};
		81057291238297FF00F49786 /* Sources */ = {
			isa = PBXSourcesBuildPhase;
			buildActionMask = 2147483647;
			files = (
				81057298238297FF00F49786 /* SizeTests.swift in Sources */,
				810572A62382C2E500F49786 /* RectangleOverlapTests.swift in Sources */,
				810572AB2382C38C00F49786 /* RectangleAreaTests.swift in Sources */,
				810572A92382C30C00F49786 /* RectangleBuilder.swift in Sources */,
			);
			runOnlyForDeploymentPostprocessing = 0;
		};
/* End PBXSourcesBuildPhase section */

/* Begin PBXTargetDependency section */
		8105729B238297FF00F49786 /* PBXTargetDependency */ = {
			isa = PBXTargetDependency;
			target = 81057270238296CB00F49786 /* Rectangles */;
			targetProxy = 8105729A238297FF00F49786 /* PBXContainerItemProxy */;
		};
/* End PBXTargetDependency section */

/* Begin PBXVariantGroup section */
		8105727A238296CB00F49786 /* Main.storyboard */ = {
			isa = PBXVariantGroup;
			children = (
				8105727B238296CB00F49786 /* Base */,
			);
			name = Main.storyboard;
			sourceTree = "<group>";
		};
		8105727F238296CC00F49786 /* LaunchScreen.storyboard */ = {
			isa = PBXVariantGroup;
			children = (
				81057280238296CC00F49786 /* Base */,
			);
			name = LaunchScreen.storyboard;
			sourceTree = "<group>";
		};
/* End PBXVariantGroup section */

/* Begin XCBuildConfiguration section */
		81057283238296CC00F49786 /* Debug */ = {
			isa = XCBuildConfiguration;
			buildSettings = {
				ALWAYS_SEARCH_USER_PATHS = NO;
				CLANG_ANALYZER_NONNULL = YES;
				CLANG_ANALYZER_NUMBER_OBJECT_CONVERSION = YES_AGGRESSIVE;
				CLANG_CXX_LANGUAGE_STANDARD = "gnu++14";
				CLANG_CXX_LIBRARY = "libc++";
				CLANG_ENABLE_MODULES = YES;
				CLANG_ENABLE_OBJC_ARC = YES;
				CLANG_ENABLE_OBJC_WEAK = YES;
				CLANG_WARN_BLOCK_CAPTURE_AUTORELEASING = YES;
				CLANG_WARN_BOOL_CONVERSION = YES;
				CLANG_WARN_COMMA = YES;
				CLANG_WARN_CONSTANT_CONVERSION = YES;
				CLANG_WARN_DEPRECATED_OBJC_IMPLEMENTATIONS = YES;
				CLANG_WARN_DIRECT_OBJC_ISA_USAGE = YES_ERROR;
				CLANG_WARN_DOCUMENTATION_COMMENTS = YES;
				CLANG_WARN_EMPTY_BODY = YES;
				CLANG_WARN_ENUM_CONVERSION = YES;
				CLANG_WARN_INFINITE_RECURSION = YES;
				CLANG_WARN_INT_CONVERSION = YES;
				CLANG_WARN_NON_LITERAL_NULL_CONVERSION = YES;
				CLANG_WARN_OBJC_IMPLICIT_RETAIN_SELF = YES;
				CLANG_WARN_OBJC_LITERAL_CONVERSION = YES;
				CLANG_WARN_OBJC_ROOT_CLASS = YES_ERROR;
				CLANG_WARN_RANGE_LOOP_ANALYSIS = YES;
				CLANG_WARN_STRICT_PROTOTYPES = YES;
				CLANG_WARN_SUSPICIOUS_MOVE = YES;
				CLANG_WARN_UNGUARDED_AVAILABILITY = YES_AGGRESSIVE;
				CLANG_WARN_UNREACHABLE_CODE = YES;
				CLANG_WARN__DUPLICATE_METHOD_MATCH = YES;
				COPY_PHASE_STRIP = NO;
				DEBUG_INFORMATION_FORMAT = dwarf;
				ENABLE_STRICT_OBJC_MSGSEND = YES;
				ENABLE_TESTABILITY = YES;
				GCC_C_LANGUAGE_STANDARD = gnu11;
				GCC_DYNAMIC_NO_PIC = NO;
				GCC_NO_COMMON_BLOCKS = YES;
				GCC_OPTIMIZATION_LEVEL = 0;
				GCC_PREPROCESSOR_DEFINITIONS = (
					"DEBUG=1",
					"$(inherited)",
				);
				GCC_WARN_64_TO_32_BIT_CONVERSION = YES;
				GCC_WARN_ABOUT_RETURN_TYPE = YES_ERROR;
				GCC_WARN_UNDECLARED_SELECTOR = YES;
				GCC_WARN_UNINITIALIZED_AUTOS = YES_AGGRESSIVE;
				GCC_WARN_UNUSED_FUNCTION = YES;
				GCC_WARN_UNUSED_VARIABLE = YES;
				IPHONEOS_DEPLOYMENT_TARGET = 13.2;
				MTL_ENABLE_DEBUG_INFO = INCLUDE_SOURCE;
				MTL_FAST_MATH = YES;
				ONLY_ACTIVE_ARCH = YES;
				SDKROOT = iphoneos;
				SWIFT_ACTIVE_COMPILATION_CONDITIONS = DEBUG;
				SWIFT_OPTIMIZATION_LEVEL = "-Onone";
			};
			name = Debug;
		};
		81057284238296CC00F49786 /* Release */ = {
			isa = XCBuildConfiguration;
			buildSettings = {
				ALWAYS_SEARCH_USER_PATHS = NO;
				CLANG_ANALYZER_NONNULL = YES;
				CLANG_ANALYZER_NUMBER_OBJECT_CONVERSION = YES_AGGRESSIVE;
				CLANG_CXX_LANGUAGE_STANDARD = "gnu++14";
				CLANG_CXX_LIBRARY = "libc++";
				CLANG_ENABLE_MODULES = YES;
				CLANG_ENABLE_OBJC_ARC = YES;
				CLANG_ENABLE_OBJC_WEAK = YES;
				CLANG_WARN_BLOCK_CAPTURE_AUTORELEASING = YES;
				CLANG_WARN_BOOL_CONVERSION = YES;
				CLANG_WARN_COMMA = YES;
				CLANG_WARN_CONSTANT_CONVERSION = YES;
				CLANG_WARN_DEPRECATED_OBJC_IMPLEMENTATIONS = YES;
				CLANG_WARN_DIRECT_OBJC_ISA_USAGE = YES_ERROR;
				CLANG_WARN_DOCUMENTATION_COMMENTS = YES;
				CLANG_WARN_EMPTY_BODY = YES;
				CLANG_WARN_ENUM_CONVERSION = YES;
				CLANG_WARN_INFINITE_RECURSION = YES;
				CLANG_WARN_INT_CONVERSION = YES;
				CLANG_WARN_NON_LITERAL_NULL_CONVERSION = YES;
				CLANG_WARN_OBJC_IMPLICIT_RETAIN_SELF = YES;
				CLANG_WARN_OBJC_LITERAL_CONVERSION = YES;
				CLANG_WARN_OBJC_ROOT_CLASS = YES_ERROR;
				CLANG_WARN_RANGE_LOOP_ANALYSIS = YES;
				CLANG_WARN_STRICT_PROTOTYPES = YES;
				CLANG_WARN_SUSPICIOUS_MOVE = YES;
				CLANG_WARN_UNGUARDED_AVAILABILITY = YES_AGGRESSIVE;
				CLANG_WARN_UNREACHABLE_CODE = YES;
				CLANG_WARN__DUPLICATE_METHOD_MATCH = YES;
				COPY_PHASE_STRIP = NO;
				DEBUG_INFORMATION_FORMAT = "dwarf-with-dsym";
				ENABLE_NS_ASSERTIONS = NO;
				ENABLE_STRICT_OBJC_MSGSEND = YES;
				GCC_C_LANGUAGE_STANDARD = gnu11;
				GCC_NO_COMMON_BLOCKS = YES;
				GCC_WARN_64_TO_32_BIT_CONVERSION = YES;
				GCC_WARN_ABOUT_RETURN_TYPE = YES_ERROR;
				GCC_WARN_UNDECLARED_SELECTOR = YES;
				GCC_WARN_UNINITIALIZED_AUTOS = YES_AGGRESSIVE;
				GCC_WARN_UNUSED_FUNCTION = YES;
				GCC_WARN_UNUSED_VARIABLE = YES;
				IPHONEOS_DEPLOYMENT_TARGET = 13.2;
				MTL_ENABLE_DEBUG_INFO = NO;
				MTL_FAST_MATH = YES;
				SDKROOT = iphoneos;
				SWIFT_COMPILATION_MODE = wholemodule;
				SWIFT_OPTIMIZATION_LEVEL = "-O";
				VALIDATE_PRODUCT = YES;
			};
			name = Release;
		};
		81057286238296CC00F49786 /* Debug */ = {
			isa = XCBuildConfiguration;
			buildSettings = {
				ASSETCATALOG_COMPILER_APPICON_NAME = AppIcon;
				CODE_SIGN_STYLE = Automatic;
				DEVELOPMENT_TEAM = UC9U5RZ8UF;
				INFOPLIST_FILE = Rectangles/Info.plist;
				LD_RUNPATH_SEARCH_PATHS = (
					"$(inherited)",
					"@executable_path/Frameworks",
				);
				PRODUCT_BUNDLE_IDENTIFIER = com.lucastrazzullo.Rectangles;
				PRODUCT_NAME = "$(TARGET_NAME)";
				SWIFT_VERSION = 5.0;
				TARGETED_DEVICE_FAMILY = 1;
			};
			name = Debug;
		};
		81057287238296CC00F49786 /* Release */ = {
			isa = XCBuildConfiguration;
			buildSettings = {
				ASSETCATALOG_COMPILER_APPICON_NAME = AppIcon;
				CODE_SIGN_STYLE = Automatic;
				DEVELOPMENT_TEAM = UC9U5RZ8UF;
				INFOPLIST_FILE = Rectangles/Info.plist;
				LD_RUNPATH_SEARCH_PATHS = (
					"$(inherited)",
					"@executable_path/Frameworks",
				);
				PRODUCT_BUNDLE_IDENTIFIER = com.lucastrazzullo.Rectangles;
				PRODUCT_NAME = "$(TARGET_NAME)";
				SWIFT_VERSION = 5.0;
				TARGETED_DEVICE_FAMILY = 1;
			};
			name = Release;
		};
		8105729D238297FF00F49786 /* Debug */ = {
			isa = XCBuildConfiguration;
			buildSettings = {
				BUNDLE_LOADER = "$(TEST_HOST)";
				CODE_SIGN_STYLE = Automatic;
				DEVELOPMENT_TEAM = UC9U5RZ8UF;
				INFOPLIST_FILE = "Rectangles Tests/Info.plist";
				LD_RUNPATH_SEARCH_PATHS = (
					"$(inherited)",
					"@executable_path/Frameworks",
					"@loader_path/Frameworks",
				);
				PRODUCT_BUNDLE_IDENTIFIER = "com.lucastrazzullo.Rectangles-Tests";
				PRODUCT_NAME = "$(TARGET_NAME)";
				SWIFT_VERSION = 5.0;
				TARGETED_DEVICE_FAMILY = "1,2";
				TEST_HOST = "$(BUILT_PRODUCTS_DIR)/Rectangles.app/Rectangles";
			};
			name = Debug;
		};
		8105729E238297FF00F49786 /* Release */ = {
			isa = XCBuildConfiguration;
			buildSettings = {
				BUNDLE_LOADER = "$(TEST_HOST)";
				CODE_SIGN_STYLE = Automatic;
				DEVELOPMENT_TEAM = UC9U5RZ8UF;
				INFOPLIST_FILE = "Rectangles Tests/Info.plist";
				LD_RUNPATH_SEARCH_PATHS = (
					"$(inherited)",
					"@executable_path/Frameworks",
					"@loader_path/Frameworks",
				);
				PRODUCT_BUNDLE_IDENTIFIER = "com.lucastrazzullo.Rectangles-Tests";
				PRODUCT_NAME = "$(TARGET_NAME)";
				SWIFT_VERSION = 5.0;
				TARGETED_DEVICE_FAMILY = "1,2";
				TEST_HOST = "$(BUILT_PRODUCTS_DIR)/Rectangles.app/Rectangles";
			};
			name = Release;
		};
/* End XCBuildConfiguration section */

/* Begin XCConfigurationList section */
		8105726C238296CB00F49786 /* Build configuration list for PBXProject "Rectangles" */ = {
			isa = XCConfigurationList;
			buildConfigurations = (
				81057283238296CC00F49786 /* Debug */,
				81057284238296CC00F49786 /* Release */,
			);
			defaultConfigurationIsVisible = 0;
			defaultConfigurationName = Release;
		};
		81057285238296CC00F49786 /* Build configuration list for PBXNativeTarget "Rectangles" */ = {
			isa = XCConfigurationList;
			buildConfigurations = (
				81057286238296CC00F49786 /* Debug */,
				81057287238296CC00F49786 /* Release */,
			);
			defaultConfigurationIsVisible = 0;
			defaultConfigurationName = Release;
		};
		8105729C238297FF00F49786 /* Build configuration list for PBXNativeTarget "Rectangles Tests" */ = {
			isa = XCConfigurationList;
			buildConfigurations = (
				8105729D238297FF00F49786 /* Debug */,
				8105729E238297FF00F49786 /* Release */,
			);
			defaultConfigurationIsVisible = 0;
			defaultConfigurationName = Release;
		};
/* End XCConfigurationList section */
	};
	rootObject = 81057269238296CB00F49786 /* Project object */;
}
